{
  "originHash" : "3e4089ef62b0334fab60a79da73a06230433412df48251e885df3de0d31520ff",
  "pins" : [
    {
      "identity" : "tolgee-mobile-swift-sdk",
      "kind" : "remoteSourceControl",
      "location" : "https://github.com/tolgee/tolgee-mobile-swift-sdk.git",
      "state" : {
        "revision" : "07c4059673cb45c1da0ef92e394374c27e12dd0d",
        "version" : "1.1.0"
      }
    }
  ],
  "version" : 3
}
